github.com/davecgh/go-spew v1.1.1 h1:vj9j/u1bqnvCEfJOwUhtlOARqs3+rkHYY13jYWTU97c=
github.com/eaburns/bit v0.0.0-20131029213740-7bd5cd37375d h1:HB5J9+f1xpkYLgWQ/RqEcbp3SEufyOIMYLoyKNKiG7E=
github.com/eaburns/bit v0.0.0-20131029213740-7bd5cd37375d/go.mod h1:CHkHWWZ4kbGY6jEy1+qlitDaCtRgNvCOQdakj/1Yl/Q=
github.com/eaburns/flac v0.0.0-20171003200620-9a6fb92396d1 h1:wl/ggSfTHqAy46hyzw1IlrUYwjqmXYvbJyPdH3rT7YE=
github.com/eaburns/flac v0.0.0-20171003200620-9a6fb92396d1/go.mod h1:frG94byMNy+1CgGrQ25dZ+17tf98EN+OYBQL4Zh612M=
github.com/go-fingerprint/fingerprint v0.0.0-20140803133125-29397256b7ff h1:MVMRAz9+9uI8+nzBPHILUVLNzH+jaKKmGmEf5GrgNsM=
github.com/go-fingerprint/fingerprint v0.0.0-20140803133125-29397256b7ff/go.mod h1:p+iFTUBRUOKBOZtWQCQAZHhLI7fC5bMdiDc5B4PPBU0=
github.com/go-fingerprint/gochroma v0.0.0-20211004000611-a294aa5ccab6 h1:ofe4/jf63isEPwFgoy81WKWzuA3gfegrthdJXgdXKJI=
github.com/go-fingerprint/gochroma v0.0.0-20211004000611-a294aa5ccab6/go.mod h1:zsgLdL2ov2nW56GWAEjcSp75I6ZIZjxnToJGZ/ouYwQ=
github.com/pmezard/go-difflib v1.0.0 h1:4DBwDE0NGyQoBHbLQYPwSUPoCMWR5BEzIk/f1lZbAQM=
github.com/stretchr/testify v1.8.1 h1:w7B6lhMri9wdJUVmEZPGGhZzrYTPvgJArz7wNPgYKsk=
github.com/tidwall/gjson v1.17.1 h1:wlYEnwqAHgzmhNUFfw7Xalt2JzQvsMx2Se4PcoFCT/U=
github.com/tidwall/gjson v1.17.1/go.mod h1:/wbyibRr2FHMks5tjHJ5F8dMZh3AcwJEMf5vlfC0lxk=
github.com/tidwall/match v1.1.1 h1:+Ho715JplO36QYgwN9PGYNhgZvoUSc9X2c80KVTi+GA=
github.com/tidwall/match v1.1.1/go.mod h1:eRSPERbgtNPcGhD8UCthc6PmLEQXEWd3PRB5JTxsfmM=
github.com/tidwall/pretty v1.2.0 h1:RWIZEg2iJ8/g6fDDYzMpobmaoGh5OLl4AXtGUGPcqCs=
github.com/tidwall/pretty v1.2.0/go.mod h1:ITEVvHYasfjBbM0u2Pg8T2nJnzm8xPwvNhhsoaGGjNU=
go.uber.org/goleak v1.2.0 h1:xqgm/S+aQvhWFTtR0XK3Jvg7z8kGV8P4X14IzwN3Eqk=
go.uber.org/multierr v1.10.0 h1:S0h4aNzvfcFsC3dRF1jLoaov7oRaKqRGC/pUEJ2yvPQ=
go.uber.org/multierr v1.10.0/go.mod h1:20+QtiLqy0Nd6FdQB9TLXag12DsQkrbs3htMFfDN80Y=
go.uber.org/zap v1.26.0 h1:sI7k6L95XOKS281NhVKOFCUNIvv9e0w4BF8N3u+tCRo=
go.uber.org/zap v1.26.0/go.mod h1:dtElttAiwGvoJ/vj4IwHBS/gXsEu/pZ50mUIRWuG0so=
gopkg.in/yaml.v3 v3.0.1 h1:fxVm/GzAzEWqLHuvctI91KS9hhNmmWOoWu0XTYJS7CA=
